// !$*UTF8*$!
{
	archiveVersion = 1;
	classes = {
	};
	objectVersion = 50;
	objects = {

/* Begin PBXBuildFile section */
		06B42998264BDA86006C0F0C /* CoreHapticsPresentationApp.swift in Sources */ = {isa = PBXBuildFile; fileRef = 06B42997264BDA86006C0F0C /* CoreHapticsPresentationApp.swift */; };
		06B4299A264BDA86006C0F0C /* ContentView.swift in Sources */ = {isa = PBXBuildFile; fileRef = 06B42999264BDA86006C0F0C /* ContentView.swift */; };
		06B4299C264BDA89006C0F0C /* Assets.xcassets in Resources */ = {isa = PBXBuildFile; fileRef = 06B4299B264BDA89006C0F0C /* Assets.xcassets */; };
		06B4299F264BDA89006C0F0C /* Preview Assets.xcassets in Resources */ = {isa = PBXBuildFile; fileRef = 06B4299E264BDA89006C0F0C /* Preview Assets.xcassets */; };
		06B429AA264BDA89006C0F0C /* CoreHapticsPresentationTests.swift in Sources */ = {isa = PBXBuildFile; fileRef = 06B429A9264BDA89006C0F0C /* CoreHapticsPresentationTests.swift */; };
		06B429B5264BDA89006C0F0C /* CoreHapticsPresentationUITests.swift in Sources */ = {isa = PBXBuildFile; fileRef = 06B429B4264BDA89006C0F0C /* CoreHapticsPresentationUITests.swift */; };
		06B429C6264BDAAE006C0F0C /* haptics.ahap in Resources */ = {isa = PBXBuildFile; fileRef = 06B429C5264BDAAE006C0F0C /* haptics.ahap */; };
		06B429CB264C8E56006C0F0C /* audio.wav in Resources */ = {isa = PBXBuildFile; fileRef = 06B429CA264C8E56006C0F0C /* audio.wav */; };
/* End PBXBuildFile section */

/* Begin PBXContainerItemProxy section */
		06B429A6264BDA89006C0F0C /* PBXContainerItemProxy */ = {
			isa = PBXContainerItemProxy;
			containerPortal = 06B4298C264BDA86006C0F0C /* Project object */;
			proxyType = 1;
			remoteGlobalIDString = 06B42993264BDA86006C0F0C;
			remoteInfo = CoreHapticsPresentation;
		};
		06B429B1264BDA89006C0F0C /* PBXContainerItemProxy */ = {
			isa = PBXContainerItemProxy;
			containerPortal = 06B4298C264BDA86006C0F0C /* Project object */;
			proxyType = 1;
			remoteGlobalIDString = 06B42993264BDA86006C0F0C;
			remoteInfo = CoreHapticsPresentation;
		};
/* End PBXContainerItemProxy section */

/* Begin PBXFileReference section */
		06B42994264BDA86006C0F0C /* CoreHapticsPresentation.app */ = {isa = PBXFileReference; explicitFileType = wrapper.application; includeInIndex = 0; path = CoreHapticsPresentation.app; sourceTree = BUILT_PRODUCTS_DIR; };
		06B42997264BDA86006C0F0C /* CoreHapticsPresentationApp.swift */ = {isa = PBXFileReference; lastKnownFileType = sourcecode.swift; path = CoreHapticsPresentationApp.swift; sourceTree = "<group>"; };
		06B42999264BDA86006C0F0C /* ContentView.swift */ = {isa = PBXFileReference; lastKnownFileType = sourcecode.swift; path = ContentView.swift; sourceTree = "<group>"; };
		06B4299B264BDA89006C0F0C /* Assets.xcassets */ = {isa = PBXFileReference; lastKnownFileType = folder.assetcatalog; path = Assets.xcassets; sourceTree = "<group>"; };
		06B4299E264BDA89006C0F0C /* Preview Assets.xcassets */ = {isa = PBXFileReference; lastKnownFileType = folder.assetcatalog; path = "Preview Assets.xcassets"; sourceTree = "<group>"; };
		06B429A0264BDA89006C0F0C /* Info.plist */ = {isa = PBXFileReference; lastKnownFileType = text.plist.xml; path = Info.plist; sourceTree = "<group>"; };
		06B429A5264BDA89006C0F0C /* CoreHapticsPresentationTests.xctest */ = {isa = PBXFileReference; explicitFileType = wrapper.cfbundle; includeInIndex = 0; path = CoreHapticsPresentationTests.xctest; sourceTree = BUILT_PRODUCTS_DIR; };
		06B429A9264BDA89006C0F0C /* CoreHapticsPresentationTests.swift */ = {isa = PBXFileReference; lastKnownFileType = sourcecode.swift; path = CoreHapticsPresentationTests.swift; sourceTree = "<group>"; };
		06B429AB264BDA89006C0F0C /* Info.plist */ = {isa = PBXFileReference; lastKnownFileType = text.plist.xml; path = Info.plist; sourceTree = "<group>"; };
		06B429B0264BDA89006C0F0C /* CoreHapticsPresentationUITests.xctest */ = {isa = PBXFileReference; explicitFileType = wrapper.cfbundle; includeInIndex = 0; path = CoreHapticsPresentationUITests.xctest; sourceTree = BUILT_PRODUCTS_DIR; };
		06B429B4264BDA89006C0F0C /* CoreHapticsPresentationUITests.swift */ = {isa = PBXFileReference; lastKnownFileType = sourcecode.swift; path = CoreHapticsPresentationUITests.swift; sourceTree = "<group>"; };
		06B429B6264BDA89006C0F0C /* Info.plist */ = {isa = PBXFileReference; lastKnownFileType = text.plist.xml; path = Info.plist; sourceTree = "<group>"; };
		06B429C5264BDAAE006C0F0C /* haptics.ahap */ = {isa = PBXFileReference; lastKnownFileType = text; path = haptics.ahap; sourceTree = "<group>"; };
		06B429CA264C8E56006C0F0C /* audio.wav */ = {isa = PBXFileReference; lastKnownFileType = audio.wav; path = audio.wav; sourceTree = "<group>"; };
/* End PBXFileReference section */

/* Begin PBXFrameworksBuildPhase section */
		06B42991264BDA86006C0F0C /* Frameworks */ = {
			isa = PBXFrameworksBuildPhase;
			buildActionMask = 2147483647;
			files = (
			);
			runOnlyForDeploymentPostprocessing = 0;
		};
		06B429A2264BDA89006C0F0C /* Frameworks */ = {
			isa = PBXFrameworksBuildPhase;
			buildActionMask = 2147483647;
			files = (
			);
			runOnlyForDeploymentPostprocessing = 0;
		};
		06B429AD264BDA89006C0F0C /* Frameworks */ = {
			isa = PBXFrameworksBuildPhase;
			buildActionMask = 2147483647;
			files = (
			);
			runOnlyForDeploymentPostprocessing = 0;
		};
/* End PBXFrameworksBuildPhase section */

/* Begin PBXGroup section */
		06B4298B264BDA86006C0F0C = {
			isa = PBXGroup;
			children = (
				06B42996264BDA86006C0F0C /* CoreHapticsPresentation */,
				06B429A8264BDA89006C0F0C /* CoreHapticsPresentationTests */,
				06B429B3264BDA89006C0F0C /* CoreHapticsPresentationUITests */,
				06B42995264BDA86006C0F0C /* Products */,
			);
			sourceTree = "<group>";
		};
		06B42995264BDA86006C0F0C /* Products */ = {
			isa = PBXGroup;
			children = (
				06B42994264BDA86006C0F0C /* CoreHapticsPresentation.app */,
				06B429A5264BDA89006C0F0C /* CoreHapticsPresentationTests.xctest */,
				06B429B0264BDA89006C0F0C /* CoreHapticsPresentationUITests.xctest */,
			);
			name = Products;
			sourceTree = "<group>";
		};
		06B42996264BDA86006C0F0C /* CoreHapticsPresentation */ = {
			isa = PBXGroup;
			children = (
				06B42997264BDA86006C0F0C /* CoreHapticsPresentationApp.swift */,
				06B42999264BDA86006C0F0C /* ContentView.swift */,
				06B429CA264C8E56006C0F0C /* audio.wav */,
				06B429C5264BDAAE006C0F0C /* haptics.ahap */,
				06B4299B264BDA89006C0F0C /* Assets.xcassets */,
				06B429A0264BDA89006C0F0C /* Info.plist */,
				06B4299D264BDA89006C0F0C /* Preview Content */,
			);
			path = CoreHapticsPresentation;
			sourceTree = "<group>";
		};
		06B4299D264BDA89006C0F0C /* Preview Content */ = {
			isa = PBXGroup;
			children = (
				06B4299E264BDA89006C0F0C /* Preview Assets.xcassets */,
			);
			path = "Preview Content";
			sourceTree = "<group>";
		};
		06B429A8264BDA89006C0F0C /* CoreHapticsPresentationTests */ = {
			isa = PBXGroup;
			children = (
				06B429A9264BDA89006C0F0C /* CoreHapticsPresentationTests.swift */,
				06B429AB264BDA89006C0F0C /* Info.plist */,
			);
			path = CoreHapticsPresentationTests;
			sourceTree = "<group>";
		};
		06B429B3264BDA89006C0F0C /* CoreHapticsPresentationUITests */ = {
			isa = PBXGroup;
			children = (
				06B429B4264BDA89006C0F0C /* CoreHapticsPresentationUITests.swift */,
				06B429B6264BDA89006C0F0C /* Info.plist */,
			);
			path = CoreHapticsPresentationUITests;
			sourceTree = "<group>";
		};
/* End PBXGroup section */

/* Begin PBXNativeTarget section */
		06B42993264BDA86006C0F0C /* CoreHapticsPresentation */ = {
			isa = PBXNativeTarget;
			buildConfigurationList = 06B429B9264BDA89006C0F0C /* Build configuration list for PBXNativeTarget "CoreHapticsPresentation" */;
			buildPhases = (
				06B42990264BDA86006C0F0C /* Sources */,
				06B42991264BDA86006C0F0C /* Frameworks */,
				06B42992264BDA86006C0F0C /* Resources */,
			);
			buildRules = (
			);
			dependencies = (
			);
			name = CoreHapticsPresentation;
			productName = CoreHapticsPresentation;
			productReference = 06B42994264BDA86006C0F0C /* CoreHapticsPresentation.app */;
			productType = "com.apple.product-type.application";
		};
		06B429A4264BDA89006C0F0C /* CoreHapticsPresentationTests */ = {
			isa = PBXNativeTarget;
			buildConfigurationList = 06B429BC264BDA89006C0F0C /* Build configuration list for PBXNativeTarget "CoreHapticsPresentationTests" */;
			buildPhases = (
				06B429A1264BDA89006C0F0C /* Sources */,
				06B429A2264BDA89006C0F0C /* Frameworks */,
				06B429A3264BDA89006C0F0C /* Resources */,
			);
			buildRules = (
			);
			dependencies = (
				06B429A7264BDA89006C0F0C /* PBXTargetDependency */,
			);
			name = CoreHapticsPresentationTests;
			productName = CoreHapticsPresentationTests;
			productReference = 06B429A5264BDA89006C0F0C /* CoreHapticsPresentationTests.xctest */;
			productType = "com.apple.product-type.bundle.unit-test";
		};
		06B429AF264BDA89006C0F0C /* CoreHapticsPresentationUITests */ = {
			isa = PBXNativeTarget;
			buildConfigurationList = 06B429BF264BDA89006C0F0C /* Build configuration list for PBXNativeTarget "CoreHapticsPresentationUITests" */;
			buildPhases = (
				06B429AC264BDA89006C0F0C /* Sources */,
				06B429AD264BDA89006C0F0C /* Frameworks */,
				06B429AE264BDA89006C0F0C /* Resources */,
			);
			buildRules = (
			);
			dependencies = (
				06B429B2264BDA89006C0F0C /* PBXTargetDependency */,
			);
			name = CoreHapticsPresentationUITests;
			productName = CoreHapticsPresentationUITests;
			productReference = 06B429B0264BDA89006C0F0C /* CoreHapticsPresentationUITests.xctest */;
			productType = "com.apple.product-type.bundle.ui-testing";
		};
/* End PBXNativeTarget section */

/* Begin PBXProject section */
		06B4298C264BDA86006C0F0C /* Project object */ = {
			isa = PBXProject;
			attributes = {
				LastSwiftUpdateCheck = 1230;
				LastUpgradeCheck = 1230;
				TargetAttributes = {
					06B42993264BDA86006C0F0C = {
						CreatedOnToolsVersion = 12.3;
					};
					06B429A4264BDA89006C0F0C = {
						CreatedOnToolsVersion = 12.3;
						TestTargetID = 06B42993264BDA86006C0F0C;
					};
					06B429AF264BDA89006C0F0C = {
						CreatedOnToolsVersion = 12.3;
						TestTargetID = 06B42993264BDA86006C0F0C;
					};
				};
			};
			buildConfigurationList = 06B4298F264BDA86006C0F0C /* Build configuration list for PBXProject "CoreHapticsPresentation" */;
			compatibilityVersion = "Xcode 9.3";
			developmentRegion = en;
			hasScannedForEncodings = 0;
			knownRegions = (
				en,
				Base,
			);
			mainGroup = 06B4298B264BDA86006C0F0C;
			productRefGroup = 06B42995264BDA86006C0F0C /* Products */;
			projectDirPath = "";
			projectRoot = "";
			targets = (
				06B42993264BDA86006C0F0C /* CoreHapticsPresentation */,
				06B429A4264BDA89006C0F0C /* CoreHapticsPresentationTests */,
				06B429AF264BDA89006C0F0C /* CoreHapticsPresentationUITests */,
			);
		};
/* End PBXProject section */

/* Begin PBXResourcesBuildPhase section */
		06B42992264BDA86006C0F0C /* Resources */ = {
			isa = PBXResourcesBuildPhase;
			buildActionMask = 2147483647;
			files = (
				06B429C6264BDAAE006C0F0C /* haptics.ahap in Resources */,
				06B4299F264BDA89006C0F0C /* Preview Assets.xcassets in Resources */,
				06B4299C264BDA89006C0F0C /* Assets.xcassets in Resources */,
				06B429CB264C8E56006C0F0C /* audio.wav in Resources */,
			);
			runOnlyForDeploymentPostprocessing = 0;
		};
		06B429A3264BDA89006C0F0C /* Resources */ = {
			isa = PBXResourcesBuildPhase;
			buildActionMask = 2147483647;
			files = (
			);
			runOnlyForDeploymentPostprocessing = 0;
		};
		06B429AE264BDA89006C0F0C /* Resources */ = {
			isa = PBXResourcesBuildPhase;
			buildActionMask = 2147483647;
			files = (
			);
			runOnlyForDeploymentPostprocessing = 0;
		};
/* End PBXResourcesBuildPhase section */

/* Begin PBXSourcesBuildPhase section */
		06B42990264BDA86006C0F0C /* Sources */ = {
			isa = PBXSourcesBuildPhase;
			buildActionMask = 2147483647;
			files = (
				06B4299A264BDA86006C0F0C /* ContentView.swift in Sources */,
				06B42998264BDA86006C0F0C /* CoreHapticsPresentationApp.swift in Sources */,
			);
			runOnlyForDeploymentPostprocessing = 0;
		};
		06B429A1264BDA89006C0F0C /* Sources */ = {
			isa = PBXSourcesBuildPhase;
			buildActionMask = 2147483647;
			files = (
				06B429AA264BDA89006C0F0C /* CoreHapticsPresentationTests.swift in Sources */,
			);
			runOnlyForDeploymentPostprocessing = 0;
		};
		06B429AC264BDA89006C0F0C /* Sources */ = {
			isa = PBXSourcesBuildPhase;
			buildActionMask = 2147483647;
			files = (
				06B429B5264BDA89006C0F0C /* CoreHapticsPresentationUITests.swift in Sources */,
			);
			runOnlyForDeploymentPostprocessing = 0;
		};
/* End PBXSourcesBuildPhase section */

/* Begin PBXTargetDependency section */
		06B429A7264BDA89006C0F0C /* PBXTargetDependency */ = {
			isa = PBXTargetDependency;
			target = 06B42993264BDA86006C0F0C /* CoreHapticsPresentation */;
			targetProxy = 06B429A6264BDA89006C0F0C /* PBXContainerItemProxy */;
		};
		06B429B2264BDA89006C0F0C /* PBXTargetDependency */ = {
			isa = PBXTargetDependency;
			target = 06B42993264BDA86006C0F0C /* CoreHapticsPresentation */;
			targetProxy = 06B429B1264BDA89006C0F0C /* PBXContainerItemProxy */;
		};
/* End PBXTargetDependency section */

/* Begin XCBuildConfiguration section */
		06B429B7264BDA89006C0F0C /* Debug */ = {
			isa = XCBuildConfiguration;
			buildSettings = {
				ALWAYS_SEARCH_USER_PATHS = NO;
				CLANG_ANALYZER_NONNULL = YES;
				CLANG_ANALYZER_NUMBER_OBJECT_CONVERSION = YES_AGGRESSIVE;
				CLANG_CXX_LANGUAGE_STANDARD = "gnu++14";
				CLANG_CXX_LIBRARY = "libc++";
				CLANG_ENABLE_MODULES = YES;
				CLANG_ENABLE_OBJC_ARC = YES;
				CLANG_ENABLE_OBJC_WEAK = YES;
				CLANG_WARN_BLOCK_CAPTURE_AUTORELEASING = YES;
				CLANG_WARN_BOOL_CONVERSION = YES;
				CLANG_WARN_COMMA = YES;
				CLANG_WARN_CONSTANT_CONVERSION = YES;
				CLANG_WARN_DEPRECATED_OBJC_IMPLEMENTATIONS = YES;
				CLANG_WARN_DIRECT_OBJC_ISA_USAGE = YES_ERROR;
				CLANG_WARN_DOCUMENTATION_COMMENTS = YES;
				CLANG_WARN_EMPTY_BODY = YES;
				CLANG_WARN_ENUM_CONVERSION = YES;
				CLANG_WARN_INFINITE_RECURSION = YES;
				CLANG_WARN_INT_CONVERSION = YES;
				CLANG_WARN_NON_LITERAL_NULL_CONVERSION = YES;
				CLANG_WARN_OBJC_IMPLICIT_RETAIN_SELF = YES;
				CLANG_WARN_OBJC_LITERAL_CONVERSION = YES;
				CLANG_WARN_OBJC_ROOT_CLASS = YES_ERROR;
				CLANG_WARN_QUOTED_INCLUDE_IN_FRAMEWORK_HEADER = YES;
				CLANG_WARN_RANGE_LOOP_ANALYSIS = YES;
				CLANG_WARN_STRICT_PROTOTYPES = YES;
				CLANG_WARN_SUSPICIOUS_MOVE = YES;
				CLANG_WARN_UNGUARDED_AVAILABILITY = YES_AGGRESSIVE;
				CLANG_WARN_UNREACHABLE_CODE = YES;
				CLANG_WARN__DUPLICATE_METHOD_MATCH = YES;
				COPY_PHASE_STRIP = NO;
				DEBUG_INFORMATION_FORMAT = dwarf;
				ENABLE_STRICT_OBJC_MSGSEND = YES;
				ENABLE_TESTABILITY = YES;
				GCC_C_LANGUAGE_STANDARD = gnu11;
				GCC_DYNAMIC_NO_PIC = NO;
				GCC_NO_COMMON_BLOCKS = YES;
				GCC_OPTIMIZATION_LEVEL = 0;
				GCC_PREPROCESSOR_DEFINITIONS = (
					"DEBUG=1",
					"$(inherited)",
				);
				GCC_WARN_64_TO_32_BIT_CONVERSION = YES;
				GCC_WARN_ABOUT_RETURN_TYPE = YES_ERROR;
				GCC_WARN_UNDECLARED_SELECTOR = YES;
				GCC_WARN_UNINITIALIZED_AUTOS = YES_AGGRESSIVE;
				GCC_WARN_UNUSED_FUNCTION = YES;
				GCC_WARN_UNUSED_VARIABLE = YES;
				IPHONEOS_DEPLOYMENT_TARGET = 14.3;
				MTL_ENABLE_DEBUG_INFO = INCLUDE_SOURCE;
				MTL_FAST_MATH = YES;
				ONLY_ACTIVE_ARCH = YES;
				SDKROOT = iphoneos;
				SWIFT_ACTIVE_COMPILATION_CONDITIONS = DEBUG;
				SWIFT_OPTIMIZATION_LEVEL = "-Onone";
			};
			name = Debug;
		};
		06B429B8264BDA89006C0F0C /* Release */ = {
			isa = XCBuildConfiguration;
			buildSettings = {
				ALWAYS_SEARCH_USER_PATHS = NO;
				CLANG_ANALYZER_NONNULL = YES;
				CLANG_ANALYZER_NUMBER_OBJECT_CONVERSION = YES_AGGRESSIVE;
				CLANG_CXX_LANGUAGE_STANDARD = "gnu++14";
				CLANG_CXX_LIBRARY = "libc++";
				CLANG_ENABLE_MODULES = YES;
				CLANG_ENABLE_OBJC_ARC = YES;
				CLANG_ENABLE_OBJC_WEAK = YES;
				CLANG_WARN_BLOCK_CAPTURE_AUTORELEASING = YES;
				CLANG_WARN_BOOL_CONVERSION = YES;
				CLANG_WARN_COMMA = YES;
				CLANG_WARN_CONSTANT_CONVERSION = YES;
				CLANG_WARN_DEPRECATED_OBJC_IMPLEMENTATIONS = YES;
				CLANG_WARN_DIRECT_OBJC_ISA_USAGE = YES_ERROR;
				CLANG_WARN_DOCUMENTATION_COMMENTS = YES;
				CLANG_WARN_EMPTY_BODY = YES;
				CLANG_WARN_ENUM_CONVERSION = YES;
				CLANG_WARN_INFINITE_RECURSION = YES;
				CLANG_WARN_INT_CONVERSION = YES;
				CLANG_WARN_NON_LITERAL_NULL_CONVERSION = YES;
				CLANG_WARN_OBJC_IMPLICIT_RETAIN_SELF = YES;
				CLANG_WARN_OBJC_LITERAL_CONVERSION = YES;
				CLANG_WARN_OBJC_ROOT_CLASS = YES_ERROR;
				CLANG_WARN_QUOTED_INCLUDE_IN_FRAMEWORK_HEADER = YES;
				CLANG_WARN_RANGE_LOOP_ANALYSIS = YES;
				CLANG_WARN_STRICT_PROTOTYPES = YES;
				CLANG_WARN_SUSPICIOUS_MOVE = YES;
				CLANG_WARN_UNGUARDED_AVAILABILITY = YES_AGGRESSIVE;
				CLANG_WARN_UNREACHABLE_CODE = YES;
				CLANG_WARN__DUPLICATE_METHOD_MATCH = YES;
				COPY_PHASE_STRIP = NO;
				DEBUG_INFORMATION_FORMAT = "dwarf-with-dsym";
				ENABLE_NS_ASSERTIONS = NO;
				ENABLE_STRICT_OBJC_MSGSEND = YES;
				GCC_C_LANGUAGE_STANDARD = gnu11;
				GCC_NO_COMMON_BLOCKS = YES;
				GCC_WARN_64_TO_32_BIT_CONVERSION = YES;
				GCC_WARN_ABOUT_RETURN_TYPE = YES_ERROR;
				GCC_WARN_UNDECLARED_SELECTOR = YES;
				GCC_WARN_UNINITIALIZED_AUTOS = YES_AGGRESSIVE;
				GCC_WARN_UNUSED_FUNCTION = YES;
				GCC_WARN_UNUSED_VARIABLE = YES;
				IPHONEOS_DEPLOYMENT_TARGET = 14.3;
				MTL_ENABLE_DEBUG_INFO = NO;
				MTL_FAST_MATH = YES;
				SDKROOT = iphoneos;
				SWIFT_COMPILATION_MODE = wholemodule;
				SWIFT_OPTIMIZATION_LEVEL = "-O";
				VALIDATE_PRODUCT = YES;
			};
			name = Release;
		};
		06B429BA264BDA89006C0F0C /* Debug */ = {
			isa = XCBuildConfiguration;
			buildSettings = {
				ASSETCATALOG_COMPILER_APPICON_NAME = AppIcon;
				ASSETCATALOG_COMPILER_GLOBAL_ACCENT_COLOR_NAME = AccentColor;
				CODE_SIGN_STYLE = Automatic;
				DEVELOPMENT_ASSET_PATHS = "\"CoreHapticsPresentation/Preview Content\"";
				DEVELOPMENT_TEAM = 9U5U7Y4K86;
				ENABLE_PREVIEWS = YES;
				INFOPLIST_FILE = CoreHapticsPresentation/Info.plist;
				IPHONEOS_DEPLOYMENT_TARGET = 14.0;
				LD_RUNPATH_SEARCH_PATHS = (
					"$(inherited)",
					"@executable_path/Frameworks",
				);
				PRODUCT_BUNDLE_IDENTIFIER = dan.CoreHapticsPresentation;
				PRODUCT_NAME = "$(TARGET_NAME)";
				SWIFT_VERSION = 5.0;
				TARGETED_DEVICE_FAMILY = "1,2";
			};
			name = Debug;
		};
		06B429BB264BDA89006C0F0C /* Release */ = {
			isa = XCBuildConfiguration;
			buildSettings = {
				ASSETCATALOG_COMPILER_APPICON_NAME = AppIcon;
				ASSETCATALOG_COMPILER_GLOBAL_ACCENT_COLOR_NAME = AccentColor;
				CODE_SIGN_STYLE = Automatic;
				DEVELOPMENT_ASSET_PATHS = "\"CoreHapticsPresentation/Preview Content\"";
				DEVELOPMENT_TEAM = 9U5U7Y4K86;
				ENABLE_PREVIEWS = YES;
				INFOPLIST_FILE = CoreHapticsPresentation/Info.plist;
				IPHONEOS_DEPLOYMENT_TARGET = 14.0;
				LD_RUNPATH_SEARCH_PATHS = (
					"$(inherited)",
					"@executable_path/Frameworks",
				);
				PRODUCT_BUNDLE_IDENTIFIER = dan.CoreHapticsPresentation;
				PRODUCT_NAME = "$(TARGET_NAME)";
				SWIFT_VERSION = 5.0;
				TARGETED_DEVICE_FAMILY = "1,2";
			};
			name = Release;
		};
		06B429BD264BDA89006C0F0C /* Debug */ = {
			isa = XCBuildConfiguration;
			buildSettings = {
				ALWAYS_EMBED_SWIFT_STANDARD_LIBRARIES = YES;
				BUNDLE_LOADER = "$(TEST_HOST)";
				CODE_SIGN_STYLE = Automatic;
				DEVELOPMENT_TEAM = 9U5U7Y4K86;
				INFOPLIST_FILE = CoreHapticsPresentationTests/Info.plist;
				IPHONEOS_DEPLOYMENT_TARGET = 14.0;
				LD_RUNPATH_SEARCH_PATHS = (
					"$(inherited)",
					"@executable_path/Frameworks",
					"@loader_path/Frameworks",
				);
				PRODUCT_BUNDLE_IDENTIFIER = dan.CoreHapticsPresentationTests;
				PRODUCT_NAME = "$(TARGET_NAME)";
				SWIFT_VERSION = 5.0;
				TARGETED_DEVICE_FAMILY = "1,2";
				TEST_HOST = "$(BUILT_PRODUCTS_DIR)/CoreHapticsPresentation.app/CoreHapticsPresentation";
			};
			name = Debug;
		};
		06B429BE264BDA89006C0F0C /* Release */ = {
			isa = XCBuildConfiguration;
			buildSettings = {
				ALWAYS_EMBED_SWIFT_STANDARD_LIBRARIES = YES;
				BUNDLE_LOADER = "$(TEST_HOST)";
				CODE_SIGN_STYLE = Automatic;
				DEVELOPMENT_TEAM = 9U5U7Y4K86;
				INFOPLIST_FILE = CoreHapticsPresentationTests/Info.plist;
				IPHONEOS_DEPLOYMENT_TARGET = 14.0;
				LD_RUNPATH_SEARCH_PATHS = (
					"$(inherited)",
					"@executable_path/Frameworks",
					"@loader_path/Frameworks",
				);
				PRODUCT_BUNDLE_IDENTIFIER = dan.CoreHapticsPresentationTests;
				PRODUCT_NAME = "$(TARGET_NAME)";
				SWIFT_VERSION = 5.0;
				TARGETED_DEVICE_FAMILY = "1,2";
				TEST_HOST = "$(BUILT_PRODUCTS_DIR)/CoreHapticsPresentation.app/CoreHapticsPresentation";
			};
			name = Release;
		};
		06B429C0264BDA89006C0F0C /* Debug */ = {
			isa = XCBuildConfiguration;
			buildSettings = {
				ALWAYS_EMBED_SWIFT_STANDARD_LIBRARIES = YES;
				CODE_SIGN_STYLE = Automatic;
				DEVELOPMENT_TEAM = 9U5U7Y4K86;
				INFOPLIST_FILE = CoreHapticsPresentationUITests/Info.plist;
				LD_RUNPATH_SEARCH_PATHS = (
					"$(inherited)",
					"@executable_path/Frameworks",
					"@loader_path/Frameworks",
				);
				PRODUCT_BUNDLE_IDENTIFIER = dan.CoreHapticsPresentationUITests;
				PRODUCT_NAME = "$(TARGET_NAME)";
				SWIFT_VERSION = 5.0;
				TARGETED_DEVICE_FAMILY = "1,2";
				TEST_TARGET_NAME = CoreHapticsPresentation;
			};
			name = Debug;
		};
		06B429C1264BDA89006C0F0C /* Release */ = {
			isa = XCBuildConfiguration;
			buildSettings = {
				ALWAYS_EMBED_SWIFT_STANDARD_LIBRARIES = YES;
				CODE_SIGN_STYLE = Automatic;
				DEVELOPMENT_TEAM = 9U5U7Y4K86;
				INFOPLIST_FILE = CoreHapticsPresentationUITests/Info.plist;
				LD_RUNPATH_SEARCH_PATHS = (
					"$(inherited)",
					"@executable_path/Frameworks",
					"@loader_path/Frameworks",
				);
				PRODUCT_BUNDLE_IDENTIFIER = dan.CoreHapticsPresentationUITests;
				PRODUCT_NAME = "$(TARGET_NAME)";
				SWIFT_VERSION = 5.0;
				TARGETED_DEVICE_FAMILY = "1,2";
				TEST_TARGET_NAME = CoreHapticsPresentation;
			};
			name = Release;
		};
/* End XCBuildConfiguration section */

/* Begin XCConfigurationList section */
		06B4298F264BDA86006C0F0C /* Build configuration list for PBXProject "CoreHapticsPresentation" */ = {
			isa = XCConfigurationList;
			buildConfigurations = (
				06B429B7264BDA89006C0F0C /* Debug */,
				06B429B8264BDA89006C0F0C /* Release */,
			);
			defaultConfigurationIsVisible = 0;
			defaultConfigurationName = Release;
		};
		06B429B9264BDA89006C0F0C /* Build configuration list for PBXNativeTarget "CoreHapticsPresentation" */ = {
			isa = XCConfigurationList;
			buildConfigurations = (
				06B429BA264BDA89006C0F0C /* Debug */,
				06B429BB264BDA89006C0F0C /* Release */,
			);
			defaultConfigurationIsVisible = 0;
			defaultConfigurationName = Release;
		};
		06B429BC264BDA89006C0F0C /* Build configuration list for PBXNativeTarget "CoreHapticsPresentationTests" */ = {
			isa = XCConfigurationList;
			buildConfigurations = (
				06B429BD264BDA89006C0F0C /* Debug */,
				06B429BE264BDA89006C0F0C /* Release */,
			);
			defaultConfigurationIsVisible = 0;
			defaultConfigurationName = Release;
		};
		06B429BF264BDA89006C0F0C /* Build configuration list for PBXNativeTarget "CoreHapticsPresentationUITests" */ = {
			isa = XCConfigurationList;
			buildConfigurations = (
				06B429C0264BDA89006C0F0C /* Debug */,
				06B429C1264BDA89006C0F0C /* Release */,
			);
			defaultConfigurationIsVisible = 0;
			defaultConfigurationName = Release;
		};
/* End XCConfigurationList section */
	};
	rootObject = 06B4298C264BDA86006C0F0C /* Project object */;
}
